
Microsoft Visual Studio Solution File, Format Version 12.00
# Visual Studio Version 17
VisualStudioVersion = 17.9.34723.18
MinimumVisualStudioVersion = 10.0.40219.1
Project("{FAE04EC0-301F-11D3-BF4B-00C04F79EFBC}") = "TravellerXNotification", "TravellerXNotification.csproj", "{DD9EFB0A-43E4-498D-BD08-AE40393820C9}"
EndProject
Project("{FAE04EC0-301F-11D3-BF4B-00C04F79EFBC}") = "TravellerXNotifications", "..\TravellerXNotifications\TravellerXNotifications.csproj", "{0AF08CAF-D733-4D19-8FBD-65AA71803744}"
EndProject
Global
	GlobalSection(SolutionConfigurationPlatforms) = preSolution
		Debug|Any CPU = Debug|Any CPU
		Release|Any CPU = Release|Any CPU
	EndGlobalSection
	GlobalSection(ProjectConfigurationPlatforms) = postSolution
		{DD9EFB0A-43E4-498D-BD08-AE40393820C9}.Debug|Any CPU.ActiveCfg = Debug|Any CPU
		{DD9EFB0A-43E4-498D-BD08-AE40393820C9}.Debug|Any CPU.Build.0 = Debug|Any CPU
		{DD9EFB0A-43E4-498D-BD08-AE40393820C9}.Release|Any CPU.ActiveCfg = Release|Any CPU
		{DD9EFB0A-43E4-498D-BD08-AE40393820C9}.Release|Any CPU.Build.0 = Release|Any CPU
		{0AF08CAF-D733-4D19-8FBD-65AA71803744}.Debug|Any CPU.ActiveCfg = Debug|Any CPU
		{0AF08CAF-D733-4D19-8FBD-65AA71803744}.Debug|Any CPU.Build.0 = Debug|Any CPU
		{0AF08CAF-D733-4D19-8FBD-65AA71803744}.Release|Any CPU.ActiveCfg = Release|Any CPU
		{0AF08CAF-D733-4D19-8FBD-65AA71803744}.Release|Any CPU.Build.0 = Release|Any CPU
	EndGlobalSection
	GlobalSection(SolutionProperties) = preSolution
		HideSolutionNode = FALSE
	EndGlobalSection
	GlobalSection(ExtensibilityGlobals) = postSolution
		SolutionGuid = {14964EC2-67AE-4891-9625-B4C63EF425B3}
	EndGlobalSection
EndGlobal
